// !$*UTF8*$!
{
	archiveVersion = 1;
	classes = {
	};
	objectVersion = 48;
	objects = {

/* Begin PBXBuildFile section */
		40CCA1861F9DE9DF000599B4 /* AppDelegate.m in Sources */ = {isa = PBXBuildFile; fileRef = 40CCA1851F9DE9DF000599B4 /* AppDelegate.m */; };
		40CCA1891F9DE9DF000599B4 /* ViewController.m in Sources */ = {isa = PBXBuildFile; fileRef = 40CCA1881F9DE9DF000599B4 /* ViewController.m */; };
		40CCA18C1F9DE9DF000599B4 /* Main.storyboard in Resources */ = {isa = PBXBuildFile; fileRef = 40CCA18A1F9DE9DF000599B4 /* Main.storyboard */; };
		40CCA18E1F9DE9DF000599B4 /* Assets.xcassets in Resources */ = {isa = PBXBuildFile; fileRef = 40CCA18D1F9DE9DF000599B4 /* Assets.xcassets */; };
		40CCA1911F9DE9DF000599B4 /* LaunchScreen.storyboard in Resources */ = {isa = PBXBuildFile; fileRef = 40CCA18F1F9DE9DF000599B4 /* LaunchScreen.storyboard */; };
		40CCA1941F9DE9DF000599B4 /* main.m in Sources */ = {isa = PBXBuildFile; fileRef = 40CCA1931F9DE9DF000599B4 /* main.m */; };
		40CCA19E1F9DE9DF000599B4 /* testTests.m in Sources */ = {isa = PBXBuildFile; fileRef = 40CCA19D1F9DE9DF000599B4 /* testTests.m */; };
		40CCA1A91F9DE9DF000599B4 /* testUITests.m in Sources */ = {isa = PBXBuildFile; fileRef = 40CCA1A81F9DE9DF000599B4 /* testUITests.m */; };
/* End PBXBuildFile section */

/* Begin PBXContainerItemProxy section */
		40CCA19A1F9DE9DF000599B4 /* PBXContainerItemProxy */ = {
			isa = PBXContainerItemProxy;
			containerPortal = 40CCA1791F9DE9DF000599B4 /* Project object */;
			proxyType = 1;
			remoteGlobalIDString = 40CCA1801F9DE9DF000599B4;
			remoteInfo = test;
		};
		40CCA1A51F9DE9DF000599B4 /* PBXContainerItemProxy */ = {
			isa = PBXContainerItemProxy;
			containerPortal = 40CCA1791F9DE9DF000599B4 /* Project object */;
			proxyType = 1;
			remoteGlobalIDString = 40CCA1801F9DE9DF000599B4;
			remoteInfo = test;
		};
/* End PBXContainerItemProxy section */

/* Begin PBXFileReference section */
		40CCA1811F9DE9DF000599B4 /* test.app */ = {isa = PBXFileReference; explicitFileType = wrapper.application; includeInIndex = 0; path = test.app; sourceTree = BUILT_PRODUCTS_DIR; };
		40CCA1841F9DE9DF000599B4 /* AppDelegate.h */ = {isa = PBXFileReference; lastKnownFileType = sourcecode.c.h; path = AppDelegate.h; sourceTree = "<group>"; };
		40CCA1851F9DE9DF000599B4 /* AppDelegate.m */ = {isa = PBXFileReference; lastKnownFileType = sourcecode.c.objc; path = AppDelegate.m; sourceTree = "<group>"; };
		40CCA1871F9DE9DF000599B4 /* ViewController.h */ = {isa = PBXFileReference; lastKnownFileType = sourcecode.c.h; path = ViewController.h; sourceTree = "<group>"; };
		40CCA1881F9DE9DF000599B4 /* ViewController.m */ = {isa = PBXFileReference; lastKnownFileType = sourcecode.c.objc; path = ViewController.m; sourceTree = "<group>"; };
		40CCA18B1F9DE9DF000599B4 /* Base */ = {isa = PBXFileReference; lastKnownFileType = file.storyboard; name = Base; path = Base.lproj/Main.storyboard; sourceTree = "<group>"; };
		40CCA18D1F9DE9DF000599B4 /* Assets.xcassets */ = {isa = PBXFileReference; lastKnownFileType = folder.assetcatalog; path = Assets.xcassets; sourceTree = "<group>"; };
		40CCA1901F9DE9DF000599B4 /* Base */ = {isa = PBXFileReference; lastKnownFileType = file.storyboard; name = Base; path = Base.lproj/LaunchScreen.storyboard; sourceTree = "<group>"; };
		40CCA1921F9DE9DF000599B4 /* Info.plist */ = {isa = PBXFileReference; lastKnownFileType = text.plist.xml; path = Info.plist; sourceTree = "<group>"; };
		40CCA1931F9DE9DF000599B4 /* main.m */ = {isa = PBXFileReference; lastKnownFileType = sourcecode.c.objc; path = main.m; sourceTree = "<group>"; };
		40CCA1991F9DE9DF000599B4 /* testTests.xctest */ = {isa = PBXFileReference; explicitFileType = wrapper.cfbundle; includeInIndex = 0; path = testTests.xctest; sourceTree = BUILT_PRODUCTS_DIR; };
		40CCA19D1F9DE9DF000599B4 /* testTests.m */ = {isa = PBXFileReference; lastKnownFileType = sourcecode.c.objc; path = testTests.m; sourceTree = "<group>"; };
		40CCA19F1F9DE9DF000599B4 /* Info.plist */ = {isa = PBXFileReference; lastKnownFileType = text.plist.xml; path = Info.plist; sourceTree = "<group>"; };
		40CCA1A41F9DE9DF000599B4 /* testUITests.xctest */ = {isa = PBXFileReference; explicitFileType = wrapper.cfbundle; includeInIndex = 0; path = testUITests.xctest; sourceTree = BUILT_PRODUCTS_DIR; };
		40CCA1A81F9DE9DF000599B4 /* testUITests.m */ = {isa = PBXFileReference; lastKnownFileType = sourcecode.c.objc; path = testUITests.m; sourceTree = "<group>"; };
		40CCA1AA1F9DE9DF000599B4 /* Info.plist */ = {isa = PBXFileReference; lastKnownFileType = text.plist.xml; path = Info.plist; sourceTree = "<group>"; };
/* End PBXFileReference section */

/* Begin PBXFrameworksBuildPhase section */
		40CCA17E1F9DE9DF000599B4 /* Frameworks */ = {
			isa = PBXFrameworksBuildPhase;
			buildActionMask = 2147483647;
			files = (
			);
			runOnlyForDeploymentPostprocessing = 0;
		};
		40CCA1961F9DE9DF000599B4 /* Frameworks */ = {
			isa = PBXFrameworksBuildPhase;
			buildActionMask = 2147483647;
			files = (
			);
			runOnlyForDeploymentPostprocessing = 0;
		};
		40CCA1A11F9DE9DF000599B4 /* Frameworks */ = {
			isa = PBXFrameworksBuildPhase;
			buildActionMask = 2147483647;
			files = (
			);
			runOnlyForDeploymentPostprocessing = 0;
		};
/* End PBXFrameworksBuildPhase section */

/* Begin PBXGroup section */
		40CCA1781F9DE9DF000599B4 = {
			isa = PBXGroup;
			children = (
				40CCA1831F9DE9DF000599B4 /* test */,
				40CCA19C1F9DE9DF000599B4 /* testTests */,
				40CCA1A71F9DE9DF000599B4 /* testUITests */,
				40CCA1821F9DE9DF000599B4 /* Products */,
			);
			sourceTree = "<group>";
		};
		40CCA1821F9DE9DF000599B4 /* Products */ = {
			isa = PBXGroup;
			children = (
				40CCA1811F9DE9DF000599B4 /* test.app */,
				40CCA1991F9DE9DF000599B4 /* testTests.xctest */,
				40CCA1A41F9DE9DF000599B4 /* testUITests.xctest */,
			);
			name = Products;
			sourceTree = "<group>";
		};
		40CCA1831F9DE9DF000599B4 /* test */ = {
			isa = PBXGroup;
			children = (
				40CCA1841F9DE9DF000599B4 /* AppDelegate.h */,
				40CCA1851F9DE9DF000599B4 /* AppDelegate.m */,
				40CCA1871F9DE9DF000599B4 /* ViewController.h */,
				40CCA1881F9DE9DF000599B4 /* ViewController.m */,
				40CCA18A1F9DE9DF000599B4 /* Main.storyboard */,
				40CCA18D1F9DE9DF000599B4 /* Assets.xcassets */,
				40CCA18F1F9DE9DF000599B4 /* LaunchScreen.storyboard */,
				40CCA1921F9DE9DF000599B4 /* Info.plist */,
				40CCA1931F9DE9DF000599B4 /* main.m */,
			);
			path = test;
			sourceTree = "<group>";
		};
		40CCA19C1F9DE9DF000599B4 /* testTests */ = {
			isa = PBXGroup;
			children = (
				40CCA19D1F9DE9DF000599B4 /* testTests.m */,
				40CCA19F1F9DE9DF000599B4 /* Info.plist */,
			);
			path = testTests;
			sourceTree = "<group>";
		};
		40CCA1A71F9DE9DF000599B4 /* testUITests */ = {
			isa = PBXGroup;
			children = (
				40CCA1A81F9DE9DF000599B4 /* testUITests.m */,
				40CCA1AA1F9DE9DF000599B4 /* Info.plist */,
			);
			path = testUITests;
			sourceTree = "<group>";
		};
/* End PBXGroup section */

/* Begin PBXNativeTarget section */
		40CCA1801F9DE9DF000599B4 /* test */ = {
			isa = PBXNativeTarget;
			buildConfigurationList = 40CCA1AD1F9DE9DF000599B4 /* Build configuration list for PBXNativeTarget "test" */;
			buildPhases = (
				40CCA17D1F9DE9DF000599B4 /* Sources */,
				40CCA17E1F9DE9DF000599B4 /* Frameworks */,
				40CCA17F1F9DE9DF000599B4 /* Resources */,
			);
			buildRules = (
			);
			dependencies = (
			);
			name = test;
			productName = test;
			productReference = 40CCA1811F9DE9DF000599B4 /* test.app */;
			productType = "com.apple.product-type.application";
		};
		40CCA1981F9DE9DF000599B4 /* testTests */ = {
			isa = PBXNativeTarget;
			buildConfigurationList = 40CCA1B01F9DE9DF000599B4 /* Build configuration list for PBXNativeTarget "testTests" */;
			buildPhases = (
				40CCA1951F9DE9DF000599B4 /* Sources */,
				40CCA1961F9DE9DF000599B4 /* Frameworks */,
				40CCA1971F9DE9DF000599B4 /* Resources */,
			);
			buildRules = (
			);
			dependencies = (
				40CCA19B1F9DE9DF000599B4 /* PBXTargetDependency */,
			);
			name = testTests;
			productName = testTests;
			productReference = 40CCA1991F9DE9DF000599B4 /* testTests.xctest */;
			productType = "com.apple.product-type.bundle.unit-test";
		};
		40CCA1A31F9DE9DF000599B4 /* testUITests */ = {
			isa = PBXNativeTarget;
			buildConfigurationList = 40CCA1B31F9DE9DF000599B4 /* Build configuration list for PBXNativeTarget "testUITests" */;
			buildPhases = (
				40CCA1A01F9DE9DF000599B4 /* Sources */,
				40CCA1A11F9DE9DF000599B4 /* Frameworks */,
				40CCA1A21F9DE9DF000599B4 /* Resources */,
			);
			buildRules = (
			);
			dependencies = (
				40CCA1A61F9DE9DF000599B4 /* PBXTargetDependency */,
			);
			name = testUITests;
			productName = testUITests;
			productReference = 40CCA1A41F9DE9DF000599B4 /* testUITests.xctest */;
			productType = "com.apple.product-type.bundle.ui-testing";
		};
/* End PBXNativeTarget section */

/* Begin PBXProject section */
		40CCA1791F9DE9DF000599B4 /* Project object */ = {
			isa = PBXProject;
			attributes = {
				LastUpgradeCheck = 0900;
				ORGANIZATIONNAME = zy;
				TargetAttributes = {
					40CCA1801F9DE9DF000599B4 = {
						CreatedOnToolsVersion = 9.0;
						ProvisioningStyle = Automatic;
					};
					40CCA1981F9DE9DF000599B4 = {
						CreatedOnToolsVersion = 9.0;
						ProvisioningStyle = Automatic;
						TestTargetID = 40CCA1801F9DE9DF000599B4;
					};
					40CCA1A31F9DE9DF000599B4 = {
						CreatedOnToolsVersion = 9.0;
						ProvisioningStyle = Automatic;
						TestTargetID = 40CCA1801F9DE9DF000599B4;
					};
				};
			};
			buildConfigurationList = 40CCA17C1F9DE9DF000599B4 /* Build configuration list for PBXProject "test" */;
			compatibilityVersion = "Xcode 8.0";
			developmentRegion = en;
			hasScannedForEncodings = 0;
			knownRegions = (
				en,
				Base,
			);
			mainGroup = 40CCA1781F9DE9DF000599B4;
			productRefGroup = 40CCA1821F9DE9DF000599B4 /* Products */;
			projectDirPath = "";
			projectRoot = "";
			targets = (
				40CCA1801F9DE9DF000599B4 /* test */,
				40CCA1981F9DE9DF000599B4 /* testTests */,
				40CCA1A31F9DE9DF000599B4 /* testUITests */,
			);
		};
/* End PBXProject section */

/* Begin PBXResourcesBuildPhase section */
		40CCA17F1F9DE9DF000599B4 /* Resources */ = {
			isa = PBXResourcesBuildPhase;
			buildActionMask = 2147483647;
			files = (
				40CCA1911F9DE9DF000599B4 /* LaunchScreen.storyboard in Resources */,
				40CCA18E1F9DE9DF000599B4 /* Assets.xcassets in Resources */,
				40CCA18C1F9DE9DF000599B4 /* Main.storyboard in Resources */,
			);
			runOnlyForDeploymentPostprocessing = 0;
		};
		40CCA1971F9DE9DF000599B4 /* Resources */ = {
			isa = PBXResourcesBuildPhase;
			buildActionMask = 2147483647;
			files = (
			);
			runOnlyForDeploymentPostprocessing = 0;
		};
		40CCA1A21F9DE9DF000599B4 /* Resources */ = {
			isa = PBXResourcesBuildPhase;
			buildActionMask = 2147483647;
			files = (
			);
			runOnlyForDeploymentPostprocessing = 0;
		};
/* End PBXResourcesBuildPhase section */

/* Begin PBXSourcesBuildPhase section */
		40CCA17D1F9DE9DF000599B4 /* Sources */ = {
			isa = PBXSourcesBuildPhase;
			buildActionMask = 2147483647;
			files = (
				40CCA1891F9DE9DF000599B4 /* ViewController.m in Sources */,
				40CCA1941F9DE9DF000599B4 /* main.m in Sources */,
				40CCA1861F9DE9DF000599B4 /* AppDelegate.m in Sources */,
			);
			runOnlyForDeploymentPostprocessing = 0;
		};
		40CCA1951F9DE9DF000599B4 /* Sources */ = {
			isa = PBXSourcesBuildPhase;
			buildActionMask = 2147483647;
			files = (
				40CCA19E1F9DE9DF000599B4 /* testTests.m in Sources */,
			);
			runOnlyForDeploymentPostprocessing = 0;
		};
		40CCA1A01F9DE9DF000599B4 /* Sources */ = {
			isa = PBXSourcesBuildPhase;
			buildActionMask = 2147483647;
			files = (
				40CCA1A91F9DE9DF000599B4 /* testUITests.m in Sources */,
			);
			runOnlyForDeploymentPostprocessing = 0;
		};
/* End PBXSourcesBuildPhase section */

/* Begin PBXTargetDependency section */
		40CCA19B1F9DE9DF000599B4 /* PBXTargetDependency */ = {
			isa = PBXTargetDependency;
			target = 40CCA1801F9DE9DF000599B4 /* test */;
			targetProxy = 40CCA19A1F9DE9DF000599B4 /* PBXContainerItemProxy */;
		};
		40CCA1A61F9DE9DF000599B4 /* PBXTargetDependency */ = {
			isa = PBXTargetDependency;
			target = 40CCA1801F9DE9DF000599B4 /* test */;
			targetProxy = 40CCA1A51F9DE9DF000599B4 /* PBXContainerItemProxy */;
		};
/* End PBXTargetDependency section */

/* Begin PBXVariantGroup section */
		40CCA18A1F9DE9DF000599B4 /* Main.storyboard */ = {
			isa = PBXVariantGroup;
			children = (
				40CCA18B1F9DE9DF000599B4 /* Base */,
			);
			name = Main.storyboard;
			sourceTree = "<group>";
		};
		40CCA18F1F9DE9DF000599B4 /* LaunchScreen.storyboard */ = {
			isa = PBXVariantGroup;
			children = (
				40CCA1901F9DE9DF000599B4 /* Base */,
			);
			name = LaunchScreen.storyboard;
			sourceTree = "<group>";
		};
/* End PBXVariantGroup section */

/* Begin XCBuildConfiguration section */
		40CCA1AB1F9DE9DF000599B4 /* Debug */ = {
			isa = XCBuildConfiguration;
			buildSettings = {
				ALWAYS_SEARCH_USER_PATHS = NO;
				CLANG_ANALYZER_NONNULL = YES;
				CLANG_ANALYZER_NUMBER_OBJECT_CONVERSION = YES_AGGRESSIVE;
				CLANG_CXX_LANGUAGE_STANDARD = "gnu++14";
				CLANG_CXX_LIBRARY = "libc++";
				CLANG_ENABLE_MODULES = YES;
				CLANG_ENABLE_OBJC_ARC = YES;
				CLANG_WARN_BLOCK_CAPTURE_AUTORELEASING = YES;
				CLANG_WARN_BOOL_CONVERSION = YES;
				CLANG_WARN_COMMA = YES;
				CLANG_WARN_CONSTANT_CONVERSION = YES;
				CLANG_WARN_DIRECT_OBJC_ISA_USAGE = YES_ERROR;
				CLANG_WARN_DOCUMENTATION_COMMENTS = YES;
				CLANG_WARN_EMPTY_BODY = YES;
				CLANG_WARN_ENUM_CONVERSION = YES;
				CLANG_WARN_INFINITE_RECURSION = YES;
				CLANG_WARN_INT_CONVERSION = YES;
				CLANG_WARN_NON_LITERAL_NULL_CONVERSION = YES;
				CLANG_WARN_OBJC_LITERAL_CONVERSION = YES;
				CLANG_WARN_OBJC_ROOT_CLASS = YES_ERROR;
				CLANG_WARN_RANGE_LOOP_ANALYSIS = YES;
				CLANG_WARN_STRICT_PROTOTYPES = YES;
				CLANG_WARN_SUSPICIOUS_MOVE = YES;
				CLANG_WARN_UNGUARDED_AVAILABILITY = YES_AGGRESSIVE;
				CLANG_WARN_UNREACHABLE_CODE = YES;
				CLANG_WARN__DUPLICATE_METHOD_MATCH = YES;
				CODE_SIGN_IDENTITY = "iPhone Developer";
				COPY_PHASE_STRIP = NO;
				DEBUG_INFORMATION_FORMAT = dwarf;
				ENABLE_STRICT_OBJC_MSGSEND = YES;
				ENABLE_TESTABILITY = YES;
				GCC_C_LANGUAGE_STANDARD = gnu11;
				GCC_DYNAMIC_NO_PIC = NO;
				GCC_NO_COMMON_BLOCKS = YES;
				GCC_OPTIMIZATION_LEVEL = 0;
				GCC_PREPROCESSOR_DEFINITIONS = (
					"DEBUG=1",
					"$(inherited)",
				);
				GCC_WARN_64_TO_32_BIT_CONVERSION = YES;
				GCC_WARN_ABOUT_RETURN_TYPE = YES_ERROR;
				GCC_WARN_UNDECLARED_SELECTOR = YES;
				GCC_WARN_UNINITIALIZED_AUTOS = YES_AGGRESSIVE;
				GCC_WARN_UNUSED_FUNCTION = YES;
				GCC_WARN_UNUSED_VARIABLE = YES;
				IPHONEOS_DEPLOYMENT_TARGET = 11.0;
				MTL_ENABLE_DEBUG_INFO = YES;
				ONLY_ACTIVE_ARCH = YES;
				SDKROOT = iphoneos;
			};
			name = Debug;
		};
		40CCA1AC1F9DE9DF000599B4 /* Release */ = {
			isa = XCBuildConfiguration;
			buildSettings = {
				ALWAYS_SEARCH_USER_PATHS = NO;
				CLANG_ANALYZER_NONNULL = YES;
				CLANG_ANALYZER_NUMBER_OBJECT_CONVERSION = YES_AGGRESSIVE;
				CLANG_CXX_LANGUAGE_STANDARD = "gnu++14";
				CLANG_CXX_LIBRARY = "libc++";
				CLANG_ENABLE_MODULES = YES;
				CLANG_ENABLE_OBJC_ARC = YES;
				CLANG_WARN_BLOCK_CAPTURE_AUTORELEASING = YES;
				CLANG_WARN_BOOL_CONVERSION = YES;
				CLANG_WARN_COMMA = YES;
				CLANG_WARN_CONSTANT_CONVERSION = YES;
				CLANG_WARN_DIRECT_OBJC_ISA_USAGE = YES_ERROR;
				CLANG_WARN_DOCUMENTATION_COMMENTS = YES;
				CLANG_WARN_EMPTY_BODY = YES;
				CLANG_WARN_ENUM_CONVERSION = YES;
				CLANG_WARN_INFINITE_RECURSION = YES;
				CLANG_WARN_INT_CONVERSION = YES;
				CLANG_WARN_NON_LITERAL_NULL_CONVERSION = YES;
				CLANG_WARN_OBJC_LITERAL_CONVERSION = YES;
				CLANG_WARN_OBJC_ROOT_CLASS = YES_ERROR;
				CLANG_WARN_RANGE_LOOP_ANALYSIS = YES;
				CLANG_WARN_STRICT_PROTOTYPES = YES;
				CLANG_WARN_SUSPICIOUS_MOVE = YES;
				CLANG_WARN_UNGUARDED_AVAILABILITY = YES_AGGRESSIVE;
				CLANG_WARN_UNREACHABLE_CODE = YES;
				CLANG_WARN__DUPLICATE_METHOD_MATCH = YES;
				CODE_SIGN_IDENTITY = "iPhone Developer";
				COPY_PHASE_STRIP = NO;
				DEBUG_INFORMATION_FORMAT = "dwarf-with-dsym";
				ENABLE_NS_ASSERTIONS = NO;
				ENABLE_STRICT_OBJC_MSGSEND = YES;
				GCC_C_LANGUAGE_STANDARD = gnu11;
				GCC_NO_COMMON_BLOCKS = YES;
				GCC_WARN_64_TO_32_BIT_CONVERSION = YES;
				GCC_WARN_ABOUT_RETURN_TYPE = YES_ERROR;
				GCC_WARN_UNDECLARED_SELECTOR = YES;
				GCC_WARN_UNINITIALIZED_AUTOS = YES_AGGRESSIVE;
				GCC_WARN_UNUSED_FUNCTION = YES;
				GCC_WARN_UNUSED_VARIABLE = YES;
				IPHONEOS_DEPLOYMENT_TARGET = 11.0;
				MTL_ENABLE_DEBUG_INFO = NO;
				SDKROOT = iphoneos;
				VALIDATE_PRODUCT = YES;
			};
			name = Release;
		};
		40CCA1AE1F9DE9DF000599B4 /* Debug */ = {
			isa = XCBuildConfiguration;
			buildSettings = {
				ASSETCATALOG_COMPILER_APPICON_NAME = AppIcon;
				CODE_SIGN_STYLE = Automatic;
				INFOPLIST_FILE = test/Info.plist;
				LD_RUNPATH_SEARCH_PATHS = "$(inherited) @executable_path/Frameworks";
				PRODUCT_BUNDLE_IDENTIFIER = com.zy.test;
				PRODUCT_NAME = "$(TARGET_NAME)";
				TARGETED_DEVICE_FAMILY = "1,2";
			};
			name = Debug;
		};
		40CCA1AF1F9DE9DF000599B4 /* Release */ = {
			isa = XCBuildConfiguration;
			buildSettings = {
				ASSETCATALOG_COMPILER_APPICON_NAME = AppIcon;
				CODE_SIGN_STYLE = Automatic;
				INFOPLIST_FILE = test/Info.plist;
				LD_RUNPATH_SEARCH_PATHS = "$(inherited) @executable_path/Frameworks";
				PRODUCT_BUNDLE_IDENTIFIER = com.zy.test;
				PRODUCT_NAME = "$(TARGET_NAME)";
				TARGETED_DEVICE_FAMILY = "1,2";
			};
			name = Release;
		};
		40CCA1B11F9DE9DF000599B4 /* Debug */ = {
			isa = XCBuildConfiguration;
			buildSettings = {
				BUNDLE_LOADER = "$(TEST_HOST)";
				CODE_SIGN_STYLE = Automatic;
				INFOPLIST_FILE = testTests/Info.plist;
				LD_RUNPATH_SEARCH_PATHS = "$(inherited) @executable_path/Frameworks @loader_path/Frameworks";
				PRODUCT_BUNDLE_IDENTIFIER = com.zy.testTests;
				PRODUCT_NAME = "$(TARGET_NAME)";
				TARGETED_DEVICE_FAMILY = "1,2";
				TEST_HOST = "$(BUILT_PRODUCTS_DIR)/test.app/test";
			};
			name = Debug;
		};
		40CCA1B21F9DE9DF000599B4 /* Release */ = {
			isa = XCBuildConfiguration;
			buildSettings = {
				BUNDLE_LOADER = "$(TEST_HOST)";
				CODE_SIGN_STYLE = Automatic;
				INFOPLIST_FILE = testTests/Info.plist;
				LD_RUNPATH_SEARCH_PATHS = "$(inherited) @executable_path/Frameworks @loader_path/Frameworks";
				PRODUCT_BUNDLE_IDENTIFIER = com.zy.testTests;
				PRODUCT_NAME = "$(TARGET_NAME)";
				TARGETED_DEVICE_FAMILY = "1,2";
				TEST_HOST = "$(BUILT_PRODUCTS_DIR)/test.app/test";
			};
			name = Release;
		};
		40CCA1B41F9DE9DF000599B4 /* Debug */ = {
			isa = XCBuildConfiguration;
			buildSettings = {
				CODE_SIGN_STYLE = Automatic;
				INFOPLIST_FILE = testUITests/Info.plist;
				LD_RUNPATH_SEARCH_PATHS = "$(inherited) @executable_path/Frameworks @loader_path/Frameworks";
				PRODUCT_BUNDLE_IDENTIFIER = com.zy.testUITests;
				PRODUCT_NAME = "$(TARGET_NAME)";
				TARGETED_DEVICE_FAMILY = "1,2";
				TEST_TARGET_NAME = test;
			};
			name = Debug;
		};
		40CCA1B51F9DE9DF000599B4 /* Release */ = {
			isa = XCBuildConfiguration;
			buildSettings = {
				CODE_SIGN_STYLE = Automatic;
				INFOPLIST_FILE = testUITests/Info.plist;
				LD_RUNPATH_SEARCH_PATHS = "$(inherited) @executable_path/Frameworks @loader_path/Frameworks";
				PRODUCT_BUNDLE_IDENTIFIER = com.zy.testUITests;
				PRODUCT_NAME = "$(TARGET_NAME)";
				TARGETED_DEVICE_FAMILY = "1,2";
				TEST_TARGET_NAME = test;
			};
			name = Release;
		};
/* End XCBuildConfiguration section */

/* Begin XCConfigurationList section */
		40CCA17C1F9DE9DF000599B4 /* Build configuration list for PBXProject "test" */ = {
			isa = XCConfigurationList;
			buildConfigurations = (
				40CCA1AB1F9DE9DF000599B4 /* Debug */,
				40CCA1AC1F9DE9DF000599B4 /* Release */,
			);
			defaultConfigurationIsVisible = 0;
			defaultConfigurationName = Release;
		};
		40CCA1AD1F9DE9DF000599B4 /* Build configuration list for PBXNativeTarget "test" */ = {
			isa = XCConfigurationList;
			buildConfigurations = (
				40CCA1AE1F9DE9DF000599B4 /* Debug */,
				40CCA1AF1F9DE9DF000599B4 /* Release */,
			);
			defaultConfigurationIsVisible = 0;
			defaultConfigurationName = Release;
		};
		40CCA1B01F9DE9DF000599B4 /* Build configuration list for PBXNativeTarget "testTests" */ = {
			isa = XCConfigurationList;
			buildConfigurations = (
				40CCA1B11F9DE9DF000599B4 /* Debug */,
				40CCA1B21F9DE9DF000599B4 /* Release */,
			);
			defaultConfigurationIsVisible = 0;
			defaultConfigurationName = Release;
		};
		40CCA1B31F9DE9DF000599B4 /* Build configuration list for PBXNativeTarget "testUITests" */ = {
			isa = XCConfigurationList;
			buildConfigurations = (
				40CCA1B41F9DE9DF000599B4 /* Debug */,
				40CCA1B51F9DE9DF000599B4 /* Release */,
			);
			defaultConfigurationIsVisible = 0;
			defaultConfigurationName = Release;
		};
/* End XCConfigurationList section */
	};
	rootObject = 40CCA1791F9DE9DF000599B4 /* Project object */;
}
